// !$*UTF8*$!
{
	archiveVersion = 1;
	classes = {
	};
	objectVersion = 51;
	objects = {

/* Begin PBXBuildFile section */
		0DEF5D632BDC0C653745C501 /* Pods_appStore.framework in Frameworks */ = {isa = PBXBuildFile; fileRef = 71DBBFC0B33D1AF366279346 /* Pods_appStore.framework */; };
		268D5FF4A4F2E8C49D221A80 /* Pods_appStore_appStoreUITests.framework in Frameworks */ = {isa = PBXBuildFile; fileRef = A4F394CA3BBE81593C3D5EE1 /* Pods_appStore_appStoreUITests.framework */; };
		89165E99265B7F5000716496 /* AppDelegate.swift in Sources */ = {isa = PBXBuildFile; fileRef = 89165E98265B7F5000716496 /* AppDelegate.swift */; };
		89165E9B265B7F5000716496 /* SceneDelegate.swift in Sources */ = {isa = PBXBuildFile; fileRef = 89165E9A265B7F5000716496 /* SceneDelegate.swift */; };
		89165EA0265B7F5000716496 /* Main.storyboard in Resources */ = {isa = PBXBuildFile; fileRef = 89165E9E265B7F5000716496 /* Main.storyboard */; };
		89165EA2265B7F5100716496 /* Assets.xcassets in Resources */ = {isa = PBXBuildFile; fileRef = 89165EA1265B7F5100716496 /* Assets.xcassets */; };
		89165EA5265B7F5100716496 /* LaunchScreen.storyboard in Resources */ = {isa = PBXBuildFile; fileRef = 89165EA3265B7F5100716496 /* LaunchScreen.storyboard */; };
		89165EB0265B7F5100716496 /* appStoreTests.swift in Sources */ = {isa = PBXBuildFile; fileRef = 89165EAF265B7F5100716496 /* appStoreTests.swift */; };
		89165EBB265B7F5100716496 /* appStoreUITests.swift in Sources */ = {isa = PBXBuildFile; fileRef = 89165EBA265B7F5100716496 /* appStoreUITests.swift */; };
		89165ECA265B816F00716496 /* ListViewController.swift in Sources */ = {isa = PBXBuildFile; fileRef = 89165EC9265B816F00716496 /* ListViewController.swift */; };
		89165ECC265B817B00716496 /* DetailViewController.swift in Sources */ = {isa = PBXBuildFile; fileRef = 89165ECB265B817B00716496 /* DetailViewController.swift */; };
		89165ECE265B819500716496 /* ListViewModel.swift in Sources */ = {isa = PBXBuildFile; fileRef = 89165ECD265B819500716496 /* ListViewModel.swift */; };
		89165ED0265B81D900716496 /* BaseViewModel.swift in Sources */ = {isa = PBXBuildFile; fileRef = 89165ECF265B81D900716496 /* BaseViewModel.swift */; };
		89165ED3265B820100716496 /* BaseViewController.swift in Sources */ = {isa = PBXBuildFile; fileRef = 89165ED2265B820100716496 /* BaseViewController.swift */; };
		89165EDF265B828E00716496 /* ApiResult.swift in Sources */ = {isa = PBXBuildFile; fileRef = 89165EDA265B828E00716496 /* ApiResult.swift */; };
		89165EE0265B828E00716496 /* ApiError.swift in Sources */ = {isa = PBXBuildFile; fileRef = 89165EDB265B828E00716496 /* ApiError.swift */; };
		89165EE1265B828E00716496 /* AllOptionalJsonParser.swift in Sources */ = {isa = PBXBuildFile; fileRef = 89165EDC265B828E00716496 /* AllOptionalJsonParser.swift */; };
		89165EE2265B828E00716496 /* ApiService.swift in Sources */ = {isa = PBXBuildFile; fileRef = 89165EDD265B828E00716496 /* ApiService.swift */; };
		89165EE3265B828E00716496 /* ResultData.swift in Sources */ = {isa = PBXBuildFile; fileRef = 89165EDE265B828E00716496 /* ResultData.swift */; };
		89165EE8265B835D00716496 /* ObservableType+Extension.swift in Sources */ = {isa = PBXBuildFile; fileRef = 89165EE7265B835D00716496 /* ObservableType+Extension.swift */; };
		89165EEA265B83C500716496 /* UIGestureRecongnizer+Extension.swift in Sources */ = {isa = PBXBuildFile; fileRef = 89165EE9265B83C500716496 /* UIGestureRecongnizer+Extension.swift */; };
		89165EEC265B840400716496 /* ListRepository.swift in Sources */ = {isa = PBXBuildFile; fileRef = 89165EEB265B840400716496 /* ListRepository.swift */; };
		89165EEE265B842400716496 /* ListDTO.swift in Sources */ = {isa = PBXBuildFile; fileRef = 89165EED265B842400716496 /* ListDTO.swift */; };
		89165EF1265B847400716496 /* LoaderView.xib in Resources */ = {isa = PBXBuildFile; fileRef = 89165EEF265B847400716496 /* LoaderView.xib */; };
		89165EF2265B847400716496 /* LoaderView.swift in Sources */ = {isa = PBXBuildFile; fileRef = 89165EF0265B847400716496 /* LoaderView.swift */; };
		89165EF9265B856600716496 /* Int+Extension.swift in Sources */ = {isa = PBXBuildFile; fileRef = 89165EF8265B856500716496 /* Int+Extension.swift */; };
		89165EFB265B859700716496 /* Data+Extension.swift in Sources */ = {isa = PBXBuildFile; fileRef = 89165EFA265B859700716496 /* Data+Extension.swift */; };
		89165F02265B8C5A00716496 /* AppStoreResponse.swift in Sources */ = {isa = PBXBuildFile; fileRef = 89165F01265B8C5A00716496 /* AppStoreResponse.swift */; };
		89165F04265B8E4200716496 /* AppStoreData.swift in Sources */ = {isa = PBXBuildFile; fileRef = 89165F03265B8E4200716496 /* AppStoreData.swift */; };
		89165F06265B92D600716496 /* String+Extension.swift in Sources */ = {isa = PBXBuildFile; fileRef = 89165F05265B92D600716496 /* String+Extension.swift */; };
		89165F08265B92E900716496 /* Date+Extension.swift in Sources */ = {isa = PBXBuildFile; fileRef = 89165F07265B92E900716496 /* Date+Extension.swift */; };
		89165F0B265B97C000716496 /* Device.swift in Sources */ = {isa = PBXBuildFile; fileRef = 89165F0A265B97C000716496 /* Device.swift */; };
		89165F0F265B9ADF00716496 /* AppStoreApi.swift in Sources */ = {isa = PBXBuildFile; fileRef = 89165F0E265B9ADF00716496 /* AppStoreApi.swift */; };
		895D581B265F1B8700C2CE2F /* DetailDTO.swift in Sources */ = {isa = PBXBuildFile; fileRef = 895D581A265F1B8700C2CE2F /* DetailDTO.swift */; };
		895D5821265F22A100C2CE2F /* SearchResultCell.swift in Sources */ = {isa = PBXBuildFile; fileRef = 895D5820265F22A100C2CE2F /* SearchResultCell.swift */; };
		895D5823265F290800C2CE2F /* ScreenshotCell.swift in Sources */ = {isa = PBXBuildFile; fileRef = 895D5822265F290800C2CE2F /* ScreenshotCell.swift */; };
		895D5825265F8DE800C2CE2F /* InformationCell.swift in Sources */ = {isa = PBXBuildFile; fileRef = 895D5824265F8DE800C2CE2F /* InformationCell.swift */; };
		895D5827265F8EE500C2CE2F /* DetailInformationContent.swift in Sources */ = {isa = PBXBuildFile; fileRef = 895D5826265F8EE500C2CE2F /* DetailInformationContent.swift */; };
		895D582B265F947500C2CE2F /* NSAttributedString+Extension.swift in Sources */ = {isa = PBXBuildFile; fileRef = 895D582A265F947500C2CE2F /* NSAttributedString+Extension.swift */; };
		AAA2E163C13283C33B677730 /* Pods_appStoreTests.framework in Frameworks */ = {isa = PBXBuildFile; fileRef = 33A6F53ECA7A8461B71E2BE0 /* Pods_appStoreTests.framework */; };
/* End PBXBuildFile section */

/* Begin PBXContainerItemProxy section */
		89165EAC265B7F5100716496 /* PBXContainerItemProxy */ = {
			isa = PBXContainerItemProxy;
			containerPortal = 89165E8D265B7F5000716496 /* Project object */;
			proxyType = 1;
			remoteGlobalIDString = 89165E94265B7F5000716496;
			remoteInfo = appStore;
		};
		89165EB7265B7F5100716496 /* PBXContainerItemProxy */ = {
			isa = PBXContainerItemProxy;
			containerPortal = 89165E8D265B7F5000716496 /* Project object */;
			proxyType = 1;
			remoteGlobalIDString = 89165E94265B7F5000716496;
			remoteInfo = appStore;
		};
/* End PBXContainerItemProxy section */

/* Begin PBXFileReference section */
		33A6F53ECA7A8461B71E2BE0 /* Pods_appStoreTests.framework */ = {isa = PBXFileReference; explicitFileType = wrapper.framework; includeInIndex = 0; path = Pods_appStoreTests.framework; sourceTree = BUILT_PRODUCTS_DIR; };
		66D1CA701C680B6800D771F4 /* Pods-appStore-appStoreUITests.debug.xcconfig */ = {isa = PBXFileReference; includeInIndex = 1; lastKnownFileType = text.xcconfig; name = "Pods-appStore-appStoreUITests.debug.xcconfig"; path = "Target Support Files/Pods-appStore-appStoreUITests/Pods-appStore-appStoreUITests.debug.xcconfig"; sourceTree = "<group>"; };
		71DBBFC0B33D1AF366279346 /* Pods_appStore.framework */ = {isa = PBXFileReference; explicitFileType = wrapper.framework; includeInIndex = 0; path = Pods_appStore.framework; sourceTree = BUILT_PRODUCTS_DIR; };
		742C761B251E7F7323B32487 /* Pods-appStoreTests.release.xcconfig */ = {isa = PBXFileReference; includeInIndex = 1; lastKnownFileType = text.xcconfig; name = "Pods-appStoreTests.release.xcconfig"; path = "Target Support Files/Pods-appStoreTests/Pods-appStoreTests.release.xcconfig"; sourceTree = "<group>"; };
		7DF883766B3E9CFCB42744FF /* Pods-appStore.release.xcconfig */ = {isa = PBXFileReference; includeInIndex = 1; lastKnownFileType = text.xcconfig; name = "Pods-appStore.release.xcconfig"; path = "Target Support Files/Pods-appStore/Pods-appStore.release.xcconfig"; sourceTree = "<group>"; };
		89165E95265B7F5000716496 /* appStore.app */ = {isa = PBXFileReference; explicitFileType = wrapper.application; includeInIndex = 0; path = appStore.app; sourceTree = BUILT_PRODUCTS_DIR; };
		89165E98265B7F5000716496 /* AppDelegate.swift */ = {isa = PBXFileReference; lastKnownFileType = sourcecode.swift; path = AppDelegate.swift; sourceTree = "<group>"; };
		89165E9A265B7F5000716496 /* SceneDelegate.swift */ = {isa = PBXFileReference; lastKnownFileType = sourcecode.swift; path = SceneDelegate.swift; sourceTree = "<group>"; };
		89165E9F265B7F5000716496 /* Base */ = {isa = PBXFileReference; lastKnownFileType = file.storyboard; name = Base; path = Base.lproj/Main.storyboard; sourceTree = "<group>"; };
		89165EA1265B7F5100716496 /* Assets.xcassets */ = {isa = PBXFileReference; lastKnownFileType = folder.assetcatalog; path = Assets.xcassets; sourceTree = "<group>"; };
		89165EA4265B7F5100716496 /* Base */ = {isa = PBXFileReference; lastKnownFileType = file.storyboard; name = Base; path = Base.lproj/LaunchScreen.storyboard; sourceTree = "<group>"; };
		89165EA6265B7F5100716496 /* Info.plist */ = {isa = PBXFileReference; lastKnownFileType = text.plist.xml; path = Info.plist; sourceTree = "<group>"; };
		89165EAB265B7F5100716496 /* appStoreTests.xctest */ = {isa = PBXFileReference; explicitFileType = wrapper.cfbundle; includeInIndex = 0; path = appStoreTests.xctest; sourceTree = BUILT_PRODUCTS_DIR; };
		89165EAF265B7F5100716496 /* appStoreTests.swift */ = {isa = PBXFileReference; lastKnownFileType = sourcecode.swift; path = appStoreTests.swift; sourceTree = "<group>"; };
		89165EB1265B7F5100716496 /* Info.plist */ = {isa = PBXFileReference; lastKnownFileType = text.plist.xml; path = Info.plist; sourceTree = "<group>"; };
		89165EB6265B7F5100716496 /* appStoreUITests.xctest */ = {isa = PBXFileReference; explicitFileType = wrapper.cfbundle; includeInIndex = 0; path = appStoreUITests.xctest; sourceTree = BUILT_PRODUCTS_DIR; };
		89165EBA265B7F5100716496 /* appStoreUITests.swift */ = {isa = PBXFileReference; lastKnownFileType = sourcecode.swift; path = appStoreUITests.swift; sourceTree = "<group>"; };
		89165EBC265B7F5100716496 /* Info.plist */ = {isa = PBXFileReference; lastKnownFileType = text.plist.xml; path = Info.plist; sourceTree = "<group>"; };
		89165EC9265B816F00716496 /* ListViewController.swift */ = {isa = PBXFileReference; lastKnownFileType = sourcecode.swift; path = ListViewController.swift; sourceTree = "<group>"; };
		89165ECB265B817B00716496 /* DetailViewController.swift */ = {isa = PBXFileReference; lastKnownFileType = sourcecode.swift; path = DetailViewController.swift; sourceTree = "<group>"; };
		89165ECD265B819500716496 /* ListViewModel.swift */ = {isa = PBXFileReference; lastKnownFileType = sourcecode.swift; path = ListViewModel.swift; sourceTree = "<group>"; };
		89165ECF265B81D900716496 /* BaseViewModel.swift */ = {isa = PBXFileReference; lastKnownFileType = sourcecode.swift; path = BaseViewModel.swift; sourceTree = "<group>"; };
		89165ED2265B820100716496 /* BaseViewController.swift */ = {isa = PBXFileReference; lastKnownFileType = sourcecode.swift; path = BaseViewController.swift; sourceTree = "<group>"; };
		89165EDA265B828E00716496 /* ApiResult.swift */ = {isa = PBXFileReference; fileEncoding = 4; lastKnownFileType = sourcecode.swift; path = ApiResult.swift; sourceTree = "<group>"; };
		89165EDB265B828E00716496 /* ApiError.swift */ = {isa = PBXFileReference; fileEncoding = 4; lastKnownFileType = sourcecode.swift; path = ApiError.swift; sourceTree = "<group>"; };
		89165EDC265B828E00716496 /* AllOptionalJsonParser.swift */ = {isa = PBXFileReference; fileEncoding = 4; lastKnownFileType = sourcecode.swift; path = AllOptionalJsonParser.swift; sourceTree = "<group>"; };
		89165EDD265B828E00716496 /* ApiService.swift */ = {isa = PBXFileReference; fileEncoding = 4; lastKnownFileType = sourcecode.swift; path = ApiService.swift; sourceTree = "<group>"; };
		89165EDE265B828E00716496 /* ResultData.swift */ = {isa = PBXFileReference; fileEncoding = 4; lastKnownFileType = sourcecode.swift; path = ResultData.swift; sourceTree = "<group>"; };
		89165EE7265B835D00716496 /* ObservableType+Extension.swift */ = {isa = PBXFileReference; fileEncoding = 4; lastKnownFileType = sourcecode.swift; path = "ObservableType+Extension.swift"; sourceTree = "<group>"; };
		89165EE9265B83C500716496 /* UIGestureRecongnizer+Extension.swift */ = {isa = PBXFileReference; fileEncoding = 4; lastKnownFileType = sourcecode.swift; path = "UIGestureRecongnizer+Extension.swift"; sourceTree = "<group>"; };
		89165EEB265B840400716496 /* ListRepository.swift */ = {isa = PBXFileReference; lastKnownFileType = sourcecode.swift; path = ListRepository.swift; sourceTree = "<group>"; };
		89165EED265B842400716496 /* ListDTO.swift */ = {isa = PBXFileReference; lastKnownFileType = sourcecode.swift; path = ListDTO.swift; sourceTree = "<group>"; };
		89165EEF265B847400716496 /* LoaderView.xib */ = {isa = PBXFileReference; fileEncoding = 4; lastKnownFileType = file.xib; path = LoaderView.xib; sourceTree = "<group>"; };
		89165EF0265B847400716496 /* LoaderView.swift */ = {isa = PBXFileReference; fileEncoding = 4; lastKnownFileType = sourcecode.swift; path = LoaderView.swift; sourceTree = "<group>"; };
		89165EF8265B856500716496 /* Int+Extension.swift */ = {isa = PBXFileReference; fileEncoding = 4; lastKnownFileType = sourcecode.swift; path = "Int+Extension.swift"; sourceTree = "<group>"; };
		89165EFA265B859700716496 /* Data+Extension.swift */ = {isa = PBXFileReference; fileEncoding = 4; lastKnownFileType = sourcecode.swift; path = "Data+Extension.swift"; sourceTree = "<group>"; };
		89165F01265B8C5A00716496 /* AppStoreResponse.swift */ = {isa = PBXFileReference; lastKnownFileType = sourcecode.swift; path = AppStoreResponse.swift; sourceTree = "<group>"; };
		89165F03265B8E4200716496 /* AppStoreData.swift */ = {isa = PBXFileReference; lastKnownFileType = sourcecode.swift; path = AppStoreData.swift; sourceTree = "<group>"; };
		89165F05265B92D600716496 /* String+Extension.swift */ = {isa = PBXFileReference; fileEncoding = 4; lastKnownFileType = sourcecode.swift; path = "String+Extension.swift"; sourceTree = "<group>"; };
		89165F07265B92E900716496 /* Date+Extension.swift */ = {isa = PBXFileReference; fileEncoding = 4; lastKnownFileType = sourcecode.swift; path = "Date+Extension.swift"; sourceTree = "<group>"; };
		89165F0A265B97C000716496 /* Device.swift */ = {isa = PBXFileReference; lastKnownFileType = sourcecode.swift; path = Device.swift; sourceTree = "<group>"; };
		89165F0E265B9ADF00716496 /* AppStoreApi.swift */ = {isa = PBXFileReference; lastKnownFileType = sourcecode.swift; path = AppStoreApi.swift; sourceTree = "<group>"; };
		895D581A265F1B8700C2CE2F /* DetailDTO.swift */ = {isa = PBXFileReference; lastKnownFileType = sourcecode.swift; path = DetailDTO.swift; sourceTree = "<group>"; };
		895D5820265F22A100C2CE2F /* SearchResultCell.swift */ = {isa = PBXFileReference; lastKnownFileType = sourcecode.swift; path = SearchResultCell.swift; sourceTree = "<group>"; };
		895D5822265F290800C2CE2F /* ScreenshotCell.swift */ = {isa = PBXFileReference; lastKnownFileType = sourcecode.swift; path = ScreenshotCell.swift; sourceTree = "<group>"; };
		895D5824265F8DE800C2CE2F /* InformationCell.swift */ = {isa = PBXFileReference; lastKnownFileType = sourcecode.swift; path = InformationCell.swift; sourceTree = "<group>"; };
		895D5826265F8EE500C2CE2F /* DetailInformationContent.swift */ = {isa = PBXFileReference; lastKnownFileType = sourcecode.swift; path = DetailInformationContent.swift; sourceTree = "<group>"; };
		895D582A265F947500C2CE2F /* NSAttributedString+Extension.swift */ = {isa = PBXFileReference; lastKnownFileType = sourcecode.swift; path = "NSAttributedString+Extension.swift"; sourceTree = "<group>"; };
		A4F394CA3BBE81593C3D5EE1 /* Pods_appStore_appStoreUITests.framework */ = {isa = PBXFileReference; explicitFileType = wrapper.framework; includeInIndex = 0; path = Pods_appStore_appStoreUITests.framework; sourceTree = BUILT_PRODUCTS_DIR; };
		A552814FECBAA3A83B1AC017 /* Pods-appStoreTests.debug.xcconfig */ = {isa = PBXFileReference; includeInIndex = 1; lastKnownFileType = text.xcconfig; name = "Pods-appStoreTests.debug.xcconfig"; path = "Target Support Files/Pods-appStoreTests/Pods-appStoreTests.debug.xcconfig"; sourceTree = "<group>"; };
		C1236F9A860A1957C2A05461 /* Pods-appStore.debug.xcconfig */ = {isa = PBXFileReference; includeInIndex = 1; lastKnownFileType = text.xcconfig; name = "Pods-appStore.debug.xcconfig"; path = "Target Support Files/Pods-appStore/Pods-appStore.debug.xcconfig"; sourceTree = "<group>"; };
		EE7BFEF1BB5C7A0F16F81856 /* Pods-appStore-appStoreUITests.release.xcconfig */ = {isa = PBXFileReference; includeInIndex = 1; lastKnownFileType = text.xcconfig; name = "Pods-appStore-appStoreUITests.release.xcconfig"; path = "Target Support Files/Pods-appStore-appStoreUITests/Pods-appStore-appStoreUITests.release.xcconfig"; sourceTree = "<group>"; };
/* End PBXFileReference section */

/* Begin PBXFrameworksBuildPhase section */
		89165E92265B7F5000716496 /* Frameworks */ = {
			isa = PBXFrameworksBuildPhase;
			buildActionMask = 2147483647;
			files = (
				0DEF5D632BDC0C653745C501 /* Pods_appStore.framework in Frameworks */,
			);
			runOnlyForDeploymentPostprocessing = 0;
		};
		89165EA8265B7F5100716496 /* Frameworks */ = {
			isa = PBXFrameworksBuildPhase;
			buildActionMask = 2147483647;
			files = (
				AAA2E163C13283C33B677730 /* Pods_appStoreTests.framework in Frameworks */,
			);
			runOnlyForDeploymentPostprocessing = 0;
		};
		89165EB3265B7F5100716496 /* Frameworks */ = {
			isa = PBXFrameworksBuildPhase;
			buildActionMask = 2147483647;
			files = (
				268D5FF4A4F2E8C49D221A80 /* Pods_appStore_appStoreUITests.framework in Frameworks */,
			);
			runOnlyForDeploymentPostprocessing = 0;
		};
/* End PBXFrameworksBuildPhase section */

/* Begin PBXGroup section */
		351052E031B3A903584ABC1A /* Frameworks */ = {
			isa = PBXGroup;
			children = (
				71DBBFC0B33D1AF366279346 /* Pods_appStore.framework */,
				A4F394CA3BBE81593C3D5EE1 /* Pods_appStore_appStoreUITests.framework */,
				33A6F53ECA7A8461B71E2BE0 /* Pods_appStoreTests.framework */,
			);
			name = Frameworks;
			sourceTree = "<group>";
		};
		6F7B68F88A3365D20C94E3AD /* Pods */ = {
			isa = PBXGroup;
			children = (
				C1236F9A860A1957C2A05461 /* Pods-appStore.debug.xcconfig */,
				7DF883766B3E9CFCB42744FF /* Pods-appStore.release.xcconfig */,
				66D1CA701C680B6800D771F4 /* Pods-appStore-appStoreUITests.debug.xcconfig */,
				EE7BFEF1BB5C7A0F16F81856 /* Pods-appStore-appStoreUITests.release.xcconfig */,
				A552814FECBAA3A83B1AC017 /* Pods-appStoreTests.debug.xcconfig */,
				742C761B251E7F7323B32487 /* Pods-appStoreTests.release.xcconfig */,
			);
			path = Pods;
			sourceTree = "<group>";
		};
		89165E8C265B7F5000716496 = {
			isa = PBXGroup;
			children = (
				89165E97265B7F5000716496 /* appStore */,
				89165EAE265B7F5100716496 /* appStoreTests */,
				89165EB9265B7F5100716496 /* appStoreUITests */,
				89165E96265B7F5000716496 /* Products */,
				6F7B68F88A3365D20C94E3AD /* Pods */,
				351052E031B3A903584ABC1A /* Frameworks */,
			);
			sourceTree = "<group>";
		};
		89165E96265B7F5000716496 /* Products */ = {
			isa = PBXGroup;
			children = (
				89165E95265B7F5000716496 /* appStore.app */,
				89165EAB265B7F5100716496 /* appStoreTests.xctest */,
				89165EB6265B7F5100716496 /* appStoreUITests.xctest */,
			);
			name = Products;
			sourceTree = "<group>";
		};
		89165E97265B7F5000716496 /* appStore */ = {
			isa = PBXGroup;
			children = (
				895D581F265F1F6600C2CE2F /* Common */,
				895D581C265F1F3F00C2CE2F /* Feature */,
			);
			path = appStore;
			sourceTree = "<group>";
		};
		89165EAE265B7F5100716496 /* appStoreTests */ = {
			isa = PBXGroup;
			children = (
				89165EAF265B7F5100716496 /* appStoreTests.swift */,
				89165EB1265B7F5100716496 /* Info.plist */,
			);
			path = appStoreTests;
			sourceTree = "<group>";
		};
		89165EB9265B7F5100716496 /* appStoreUITests */ = {
			isa = PBXGroup;
			children = (
				89165EBA265B7F5100716496 /* appStoreUITests.swift */,
				89165EBC265B7F5100716496 /* Info.plist */,
			);
			path = appStoreUITests;
			sourceTree = "<group>";
		};
		89165EC8265B80BC00716496 /* AppDelegate */ = {
			isa = PBXGroup;
			children = (
				89165EA3265B7F5100716496 /* LaunchScreen.storyboard */,
				89165E98265B7F5000716496 /* AppDelegate.swift */,
				89165E9A265B7F5000716496 /* SceneDelegate.swift */,
				89165EA1265B7F5100716496 /* Assets.xcassets */,
				89165EA6265B7F5100716496 /* Info.plist */,
			);
			path = AppDelegate;
			sourceTree = "<group>";
		};
		89165ED1265B81E300716496 /* Base */ = {
			isa = PBXGroup;
			children = (
				89165ED2265B820100716496 /* BaseViewController.swift */,
				89165ECF265B81D900716496 /* BaseViewModel.swift */,
			);
			path = Base;
			sourceTree = "<group>";
		};
		89165ED9265B828000716496 /* Api */ = {
			isa = PBXGroup;
			children = (
				89165F0D265B9AC700716496 /* ApiService */,
				89165EDC265B828E00716496 /* AllOptionalJsonParser.swift */,
				89165EDB265B828E00716496 /* ApiError.swift */,
				89165EDA265B828E00716496 /* ApiResult.swift */,
				89165EDD265B828E00716496 /* ApiService.swift */,
				89165EDE265B828E00716496 /* ResultData.swift */,
			);
			path = Api;
			sourceTree = "<group>";
		};
		89165EE6265B834A00716496 /* Extension */ = {
			isa = PBXGroup;
			children = (
				89165EF8265B856500716496 /* Int+Extension.swift */,
				89165EFA265B859700716496 /* Data+Extension.swift */,
				89165F05265B92D600716496 /* String+Extension.swift */,
				89165F07265B92E900716496 /* Date+Extension.swift */,
				89165EE7265B835D00716496 /* ObservableType+Extension.swift */,
				89165EE9265B83C500716496 /* UIGestureRecongnizer+Extension.swift */,
				895D582A265F947500C2CE2F /* NSAttributedString+Extension.swift */,
			);
			path = Extension;
			sourceTree = "<group>";
		};
		89165EF3265B84BC00716496 /* Util */ = {
			isa = PBXGroup;
			children = (
			);
			path = Util;
			sourceTree = "<group>";
		};
		89165EFE265B8BC500716496 /* Model */ = {
			isa = PBXGroup;
			children = (
				89165F00265B8BE000716496 /* Data */,
				89165EFF265B8BD900716496 /* Response */,
			);
			path = Model;
			sourceTree = "<group>";
		};
		89165EFF265B8BD900716496 /* Response */ = {
			isa = PBXGroup;
			children = (
				89165F01265B8C5A00716496 /* AppStoreResponse.swift */,
			);
			path = Response;
			sourceTree = "<group>";
		};
		89165F00265B8BE000716496 /* Data */ = {
			isa = PBXGroup;
			children = (
				89165F03265B8E4200716496 /* AppStoreData.swift */,
			);
			path = Data;
			sourceTree = "<group>";
		};
		89165F09265B97B300716496 /* Enum */ = {
			isa = PBXGroup;
			children = (
				89165F0A265B97C000716496 /* Device.swift */,
				895D5826265F8EE500C2CE2F /* DetailInformationContent.swift */,
			);
			path = Enum;
			sourceTree = "<group>";
		};
		89165F0D265B9AC700716496 /* ApiService */ = {
			isa = PBXGroup;
			children = (
				89165F0E265B9ADF00716496 /* AppStoreApi.swift */,
			);
			path = ApiService;
			sourceTree = "<group>";
		};
		895D581C265F1F3F00C2CE2F /* Feature */ = {
			isa = PBXGroup;
			children = (
				895D581D265F1F4C00C2CE2F /* List */,
				895D581E265F1F5000C2CE2F /* Detail */,
			);
			path = Feature;
			sourceTree = "<group>";
		};
		895D581D265F1F4C00C2CE2F /* List */ = {
			isa = PBXGroup;
			children = (
				89165EC9265B816F00716496 /* ListViewController.swift */,
				89165ECD265B819500716496 /* ListViewModel.swift */,
				89165EEB265B840400716496 /* ListRepository.swift */,
				89165EED265B842400716496 /* ListDTO.swift */,
				895D5820265F22A100C2CE2F /* SearchResultCell.swift */,
				895D5822265F290800C2CE2F /* ScreenshotCell.swift */,
			);
			path = List;
			sourceTree = "<group>";
		};
		895D581E265F1F5000C2CE2F /* Detail */ = {
			isa = PBXGroup;
			children = (
				89165ECB265B817B00716496 /* DetailViewController.swift */,
				895D581A265F1B8700C2CE2F /* DetailDTO.swift */,
				895D5824265F8DE800C2CE2F /* InformationCell.swift */,
			);
			path = Detail;
			sourceTree = "<group>";
		};
		895D581F265F1F6600C2CE2F /* Common */ = {
			isa = PBXGroup;
			children = (
				89165EC8265B80BC00716496 /* AppDelegate */,
				89165EE6265B834A00716496 /* Extension */,
				89165ED9265B828000716496 /* Api */,
				89165EF3265B84BC00716496 /* Util */,
				89165F09265B97B300716496 /* Enum */,
				89165EFE265B8BC500716496 /* Model */,
				89165E9E265B7F5000716496 /* Main.storyboard */,
				89165ED1265B81E300716496 /* Base */,
				89165EF0265B847400716496 /* LoaderView.swift */,
				89165EEF265B847400716496 /* LoaderView.xib */,
			);
			path = Common;
			sourceTree = "<group>";
		};
/* End PBXGroup section */

/* Begin PBXNativeTarget section */
		89165E94265B7F5000716496 /* appStore */ = {
			isa = PBXNativeTarget;
			buildConfigurationList = 89165EBF265B7F5100716496 /* Build configuration list for PBXNativeTarget "appStore" */;
			buildPhases = (
				95E8FF0DC89EF1DF31D0FADC /* [CP] Check Pods Manifest.lock */,
				89165E91265B7F5000716496 /* Sources */,
				89165E92265B7F5000716496 /* Frameworks */,
				89165E93265B7F5000716496 /* Resources */,
				72BAF63D7B293835855BFCF4 /* [CP] Embed Pods Frameworks */,
			);
			buildRules = (
			);
			dependencies = (
			);
			name = appStore;
			productName = appStore;
			productReference = 89165E95265B7F5000716496 /* appStore.app */;
			productType = "com.apple.product-type.application";
		};
		89165EAA265B7F5100716496 /* appStoreTests */ = {
			isa = PBXNativeTarget;
			buildConfigurationList = 89165EC2265B7F5100716496 /* Build configuration list for PBXNativeTarget "appStoreTests" */;
			buildPhases = (
				1E0F21DEFD9E0D22F185817E /* [CP] Check Pods Manifest.lock */,
				89165EA7265B7F5100716496 /* Sources */,
				89165EA8265B7F5100716496 /* Frameworks */,
				89165EA9265B7F5100716496 /* Resources */,
			);
			buildRules = (
			);
			dependencies = (
				89165EAD265B7F5100716496 /* PBXTargetDependency */,
			);
			name = appStoreTests;
			productName = appStoreTests;
			productReference = 89165EAB265B7F5100716496 /* appStoreTests.xctest */;
			productType = "com.apple.product-type.bundle.unit-test";
		};
		89165EB5265B7F5100716496 /* appStoreUITests */ = {
			isa = PBXNativeTarget;
			buildConfigurationList = 89165EC5265B7F5100716496 /* Build configuration list for PBXNativeTarget "appStoreUITests" */;
			buildPhases = (
				F8965419102DBAFDA5E95800 /* [CP] Check Pods Manifest.lock */,
				89165EB2265B7F5100716496 /* Sources */,
				89165EB3265B7F5100716496 /* Frameworks */,
				89165EB4265B7F5100716496 /* Resources */,
				EC369B03098C8387CC1A082F /* [CP] Embed Pods Frameworks */,
			);
			buildRules = (
			);
			dependencies = (
				89165EB8265B7F5100716496 /* PBXTargetDependency */,
			);
			name = appStoreUITests;
			productName = appStoreUITests;
			productReference = 89165EB6265B7F5100716496 /* appStoreUITests.xctest */;
			productType = "com.apple.product-type.bundle.ui-testing";
		};
/* End PBXNativeTarget section */

/* Begin PBXProject section */
		89165E8D265B7F5000716496 /* Project object */ = {
			isa = PBXProject;
			attributes = {
				LastSwiftUpdateCheck = 1250;
				LastUpgradeCheck = 1250;
				TargetAttributes = {
					89165E94265B7F5000716496 = {
						CreatedOnToolsVersion = 12.5;
					};
					89165EAA265B7F5100716496 = {
						CreatedOnToolsVersion = 12.5;
						TestTargetID = 89165E94265B7F5000716496;
					};
					89165EB5265B7F5100716496 = {
						CreatedOnToolsVersion = 12.5;
						TestTargetID = 89165E94265B7F5000716496;
					};
				};
			};
			buildConfigurationList = 89165E90265B7F5000716496 /* Build configuration list for PBXProject "appStore" */;
			compatibilityVersion = "Xcode 9.3";
			developmentRegion = en;
			hasScannedForEncodings = 0;
			knownRegions = (
				en,
				Base,
			);
			mainGroup = 89165E8C265B7F5000716496;
			productRefGroup = 89165E96265B7F5000716496 /* Products */;
			projectDirPath = "";
			projectRoot = "";
			targets = (
				89165E94265B7F5000716496 /* appStore */,
				89165EAA265B7F5100716496 /* appStoreTests */,
				89165EB5265B7F5100716496 /* appStoreUITests */,
			);
		};
/* End PBXProject section */

/* Begin PBXResourcesBuildPhase section */
		89165E93265B7F5000716496 /* Resources */ = {
			isa = PBXResourcesBuildPhase;
			buildActionMask = 2147483647;
			files = (
				89165EA5265B7F5100716496 /* LaunchScreen.storyboard in Resources */,
				89165EF1265B847400716496 /* LoaderView.xib in Resources */,
				89165EA2265B7F5100716496 /* Assets.xcassets in Resources */,
				89165EA0265B7F5000716496 /* Main.storyboard in Resources */,
			);
			runOnlyForDeploymentPostprocessing = 0;
		};
		89165EA9265B7F5100716496 /* Resources */ = {
			isa = PBXResourcesBuildPhase;
			buildActionMask = 2147483647;
			files = (
			);
			runOnlyForDeploymentPostprocessing = 0;
		};
		89165EB4265B7F5100716496 /* Resources */ = {
			isa = PBXResourcesBuildPhase;
			buildActionMask = 2147483647;
			files = (
			);
			runOnlyForDeploymentPostprocessing = 0;
		};
/* End PBXResourcesBuildPhase section */

/* Begin PBXShellScriptBuildPhase section */
		1E0F21DEFD9E0D22F185817E /* [CP] Check Pods Manifest.lock */ = {
			isa = PBXShellScriptBuildPhase;
			buildActionMask = 2147483647;
			files = (
			);
			inputFileListPaths = (
			);
			inputPaths = (
				"${PODS_PODFILE_DIR_PATH}/Podfile.lock",
				"${PODS_ROOT}/Manifest.lock",
			);
			name = "[CP] Check Pods Manifest.lock";
			outputFileListPaths = (
			);
			outputPaths = (
				"$(DERIVED_FILE_DIR)/Pods-appStoreTests-checkManifestLockResult.txt",
			);
			runOnlyForDeploymentPostprocessing = 0;
			shellPath = /bin/sh;
			shellScript = "diff \"${PODS_PODFILE_DIR_PATH}/Podfile.lock\" \"${PODS_ROOT}/Manifest.lock\" > /dev/null\nif [ $? != 0 ] ; then\n    # print error to STDERR\n    echo \"error: The sandbox is not in sync with the Podfile.lock. Run 'pod install' or update your CocoaPods installation.\" >&2\n    exit 1\nfi\n# This output is used by Xcode 'outputs' to avoid re-running this script phase.\necho \"SUCCESS\" > \"${SCRIPT_OUTPUT_FILE_0}\"\n";
			showEnvVarsInLog = 0;
		};
		72BAF63D7B293835855BFCF4 /* [CP] Embed Pods Frameworks */ = {
			isa = PBXShellScriptBuildPhase;
			buildActionMask = 2147483647;
			files = (
			);
			inputFileListPaths = (
				"${PODS_ROOT}/Target Support Files/Pods-appStore/Pods-appStore-frameworks-${CONFIGURATION}-input-files.xcfilelist",
			);
			name = "[CP] Embed Pods Frameworks";
			outputFileListPaths = (
				"${PODS_ROOT}/Target Support Files/Pods-appStore/Pods-appStore-frameworks-${CONFIGURATION}-output-files.xcfilelist",
			);
			runOnlyForDeploymentPostprocessing = 0;
			shellPath = /bin/sh;
			shellScript = "\"${PODS_ROOT}/Target Support Files/Pods-appStore/Pods-appStore-frameworks.sh\"\n";
			showEnvVarsInLog = 0;
		};
		95E8FF0DC89EF1DF31D0FADC /* [CP] Check Pods Manifest.lock */ = {
			isa = PBXShellScriptBuildPhase;
			buildActionMask = 2147483647;
			files = (
			);
			inputFileListPaths = (
			);
			inputPaths = (
				"${PODS_PODFILE_DIR_PATH}/Podfile.lock",
				"${PODS_ROOT}/Manifest.lock",
			);
			name = "[CP] Check Pods Manifest.lock";
			outputFileListPaths = (
			);
			outputPaths = (
				"$(DERIVED_FILE_DIR)/Pods-appStore-checkManifestLockResult.txt",
			);
			runOnlyForDeploymentPostprocessing = 0;
			shellPath = /bin/sh;
			shellScript = "diff \"${PODS_PODFILE_DIR_PATH}/Podfile.lock\" \"${PODS_ROOT}/Manifest.lock\" > /dev/null\nif [ $? != 0 ] ; then\n    # print error to STDERR\n    echo \"error: The sandbox is not in sync with the Podfile.lock. Run 'pod install' or update your CocoaPods installation.\" >&2\n    exit 1\nfi\n# This output is used by Xcode 'outputs' to avoid re-running this script phase.\necho \"SUCCESS\" > \"${SCRIPT_OUTPUT_FILE_0}\"\n";
			showEnvVarsInLog = 0;
		};
		EC369B03098C8387CC1A082F /* [CP] Embed Pods Frameworks */ = {
			isa = PBXShellScriptBuildPhase;
			buildActionMask = 2147483647;
			files = (
			);
			inputFileListPaths = (
				"${PODS_ROOT}/Target Support Files/Pods-appStore-appStoreUITests/Pods-appStore-appStoreUITests-frameworks-${CONFIGURATION}-input-files.xcfilelist",
			);
			name = "[CP] Embed Pods Frameworks";
			outputFileListPaths = (
				"${PODS_ROOT}/Target Support Files/Pods-appStore-appStoreUITests/Pods-appStore-appStoreUITests-frameworks-${CONFIGURATION}-output-files.xcfilelist",
			);
			runOnlyForDeploymentPostprocessing = 0;
			shellPath = /bin/sh;
			shellScript = "\"${PODS_ROOT}/Target Support Files/Pods-appStore-appStoreUITests/Pods-appStore-appStoreUITests-frameworks.sh\"\n";
			showEnvVarsInLog = 0;
		};
		F8965419102DBAFDA5E95800 /* [CP] Check Pods Manifest.lock */ = {
			isa = PBXShellScriptBuildPhase;
			buildActionMask = 2147483647;
			files = (
			);
			inputFileListPaths = (
			);
			inputPaths = (
				"${PODS_PODFILE_DIR_PATH}/Podfile.lock",
				"${PODS_ROOT}/Manifest.lock",
			);
			name = "[CP] Check Pods Manifest.lock";
			outputFileListPaths = (
			);
			outputPaths = (
				"$(DERIVED_FILE_DIR)/Pods-appStore-appStoreUITests-checkManifestLockResult.txt",
			);
			runOnlyForDeploymentPostprocessing = 0;
			shellPath = /bin/sh;
			shellScript = "diff \"${PODS_PODFILE_DIR_PATH}/Podfile.lock\" \"${PODS_ROOT}/Manifest.lock\" > /dev/null\nif [ $? != 0 ] ; then\n    # print error to STDERR\n    echo \"error: The sandbox is not in sync with the Podfile.lock. Run 'pod install' or update your CocoaPods installation.\" >&2\n    exit 1\nfi\n# This output is used by Xcode 'outputs' to avoid re-running this script phase.\necho \"SUCCESS\" > \"${SCRIPT_OUTPUT_FILE_0}\"\n";
			showEnvVarsInLog = 0;
		};
/* End PBXShellScriptBuildPhase section */

/* Begin PBXSourcesBuildPhase section */
		89165E91265B7F5000716496 /* Sources */ = {
			isa = PBXSourcesBuildPhase;
			buildActionMask = 2147483647;
			files = (
				89165F02265B8C5A00716496 /* AppStoreResponse.swift in Sources */,
				89165EE1265B828E00716496 /* AllOptionalJsonParser.swift in Sources */,
				89165E99265B7F5000716496 /* AppDelegate.swift in Sources */,
				89165EEA265B83C500716496 /* UIGestureRecongnizer+Extension.swift in Sources */,
				895D581B265F1B8700C2CE2F /* DetailDTO.swift in Sources */,
				89165EF9265B856600716496 /* Int+Extension.swift in Sources */,
				895D5825265F8DE800C2CE2F /* InformationCell.swift in Sources */,
				89165ECE265B819500716496 /* ListViewModel.swift in Sources */,
				89165F08265B92E900716496 /* Date+Extension.swift in Sources */,
				895D582B265F947500C2CE2F /* NSAttributedString+Extension.swift in Sources */,
				89165ED0265B81D900716496 /* BaseViewModel.swift in Sources */,
				89165EDF265B828E00716496 /* ApiResult.swift in Sources */,
				895D5827265F8EE500C2CE2F /* DetailInformationContent.swift in Sources */,
				89165ECC265B817B00716496 /* DetailViewController.swift in Sources */,
				89165F0F265B9ADF00716496 /* AppStoreApi.swift in Sources */,
				89165EEC265B840400716496 /* ListRepository.swift in Sources */,
				89165EE2265B828E00716496 /* ApiService.swift in Sources */,
				89165EE0265B828E00716496 /* ApiError.swift in Sources */,
				89165F06265B92D600716496 /* String+Extension.swift in Sources */,
				895D5821265F22A100C2CE2F /* SearchResultCell.swift in Sources */,
				89165EE3265B828E00716496 /* ResultData.swift in Sources */,
				89165F0B265B97C000716496 /* Device.swift in Sources */,
				89165EFB265B859700716496 /* Data+Extension.swift in Sources */,
				89165EEE265B842400716496 /* ListDTO.swift in Sources */,
				89165ECA265B816F00716496 /* ListViewController.swift in Sources */,
				89165ED3265B820100716496 /* BaseViewController.swift in Sources */,
				895D5823265F290800C2CE2F /* ScreenshotCell.swift in Sources */,
				89165EF2265B847400716496 /* LoaderView.swift in Sources */,
				89165EE8265B835D00716496 /* ObservableType+Extension.swift in Sources */,
				89165E9B265B7F5000716496 /* SceneDelegate.swift in Sources */,
				89165F04265B8E4200716496 /* AppStoreData.swift in Sources */,
			);
			runOnlyForDeploymentPostprocessing = 0;
		};
		89165EA7265B7F5100716496 /* Sources */ = {
			isa = PBXSourcesBuildPhase;
			buildActionMask = 2147483647;
			files = (
				89165EB0265B7F5100716496 /* appStoreTests.swift in Sources */,
			);
			runOnlyForDeploymentPostprocessing = 0;
		};
		89165EB2265B7F5100716496 /* Sources */ = {
			isa = PBXSourcesBuildPhase;
			buildActionMask = 2147483647;
			files = (
				89165EBB265B7F5100716496 /* appStoreUITests.swift in Sources */,
			);
			runOnlyForDeploymentPostprocessing = 0;
		};
/* End PBXSourcesBuildPhase section */

/* Begin PBXTargetDependency section */
		89165EAD265B7F5100716496 /* PBXTargetDependency */ = {
			isa = PBXTargetDependency;
			target = 89165E94265B7F5000716496 /* appStore */;
			targetProxy = 89165EAC265B7F5100716496 /* PBXContainerItemProxy */;
		};
		89165EB8265B7F5100716496 /* PBXTargetDependency */ = {
			isa = PBXTargetDependency;
			target = 89165E94265B7F5000716496 /* appStore */;
			targetProxy = 89165EB7265B7F5100716496 /* PBXContainerItemProxy */;
		};
/* End PBXTargetDependency section */

/* Begin PBXVariantGroup section */
		89165E9E265B7F5000716496 /* Main.storyboard */ = {
			isa = PBXVariantGroup;
			children = (
				89165E9F265B7F5000716496 /* Base */,
			);
			name = Main.storyboard;
			sourceTree = "<group>";
		};
		89165EA3265B7F5100716496 /* LaunchScreen.storyboard */ = {
			isa = PBXVariantGroup;
			children = (
				89165EA4265B7F5100716496 /* Base */,
			);
			name = LaunchScreen.storyboard;
			sourceTree = "<group>";
		};
/* End PBXVariantGroup section */

/* Begin XCBuildConfiguration section */
		89165EBD265B7F5100716496 /* Debug */ = {
			isa = XCBuildConfiguration;
			buildSettings = {
				ALWAYS_SEARCH_USER_PATHS = NO;
				CLANG_ANALYZER_NONNULL = YES;
				CLANG_ANALYZER_NUMBER_OBJECT_CONVERSION = YES_AGGRESSIVE;
				CLANG_CXX_LANGUAGE_STANDARD = "gnu++14";
				CLANG_CXX_LIBRARY = "libc++";
				CLANG_ENABLE_MODULES = YES;
				CLANG_ENABLE_OBJC_ARC = YES;
				CLANG_ENABLE_OBJC_WEAK = YES;
				CLANG_WARN_BLOCK_CAPTURE_AUTORELEASING = YES;
				CLANG_WARN_BOOL_CONVERSION = YES;
				CLANG_WARN_COMMA = YES;
				CLANG_WARN_CONSTANT_CONVERSION = YES;
				CLANG_WARN_DEPRECATED_OBJC_IMPLEMENTATIONS = YES;
				CLANG_WARN_DIRECT_OBJC_ISA_USAGE = YES_ERROR;
				CLANG_WARN_DOCUMENTATION_COMMENTS = YES;
				CLANG_WARN_EMPTY_BODY = YES;
				CLANG_WARN_ENUM_CONVERSION = YES;
				CLANG_WARN_INFINITE_RECURSION = YES;
				CLANG_WARN_INT_CONVERSION = YES;
				CLANG_WARN_NON_LITERAL_NULL_CONVERSION = YES;
				CLANG_WARN_OBJC_IMPLICIT_RETAIN_SELF = YES;
				CLANG_WARN_OBJC_LITERAL_CONVERSION = YES;
				CLANG_WARN_OBJC_ROOT_CLASS = YES_ERROR;
				CLANG_WARN_QUOTED_INCLUDE_IN_FRAMEWORK_HEADER = YES;
				CLANG_WARN_RANGE_LOOP_ANALYSIS = YES;
				CLANG_WARN_STRICT_PROTOTYPES = YES;
				CLANG_WARN_SUSPICIOUS_MOVE = YES;
				CLANG_WARN_UNGUARDED_AVAILABILITY = YES_AGGRESSIVE;
				CLANG_WARN_UNREACHABLE_CODE = YES;
				CLANG_WARN__DUPLICATE_METHOD_MATCH = YES;
				COPY_PHASE_STRIP = NO;
				DEBUG_INFORMATION_FORMAT = dwarf;
				ENABLE_STRICT_OBJC_MSGSEND = YES;
				ENABLE_TESTABILITY = YES;
				GCC_C_LANGUAGE_STANDARD = gnu11;
				GCC_DYNAMIC_NO_PIC = NO;
				GCC_NO_COMMON_BLOCKS = YES;
				GCC_OPTIMIZATION_LEVEL = 0;
				GCC_PREPROCESSOR_DEFINITIONS = (
					"DEBUG=1",
					"$(inherited)",
				);
				GCC_WARN_64_TO_32_BIT_CONVERSION = YES;
				GCC_WARN_ABOUT_RETURN_TYPE = YES_ERROR;
				GCC_WARN_UNDECLARED_SELECTOR = YES;
				GCC_WARN_UNINITIALIZED_AUTOS = YES_AGGRESSIVE;
				GCC_WARN_UNUSED_FUNCTION = YES;
				GCC_WARN_UNUSED_VARIABLE = YES;
				IPHONEOS_DEPLOYMENT_TARGET = 13.0;
				MTL_ENABLE_DEBUG_INFO = INCLUDE_SOURCE;
				MTL_FAST_MATH = YES;
				ONLY_ACTIVE_ARCH = YES;
				SDKROOT = iphoneos;
				SWIFT_ACTIVE_COMPILATION_CONDITIONS = DEBUG;
				SWIFT_OPTIMIZATION_LEVEL = "-Onone";
			};
			name = Debug;
		};
		89165EBE265B7F5100716496 /* Release */ = {
			isa = XCBuildConfiguration;
			buildSettings = {
				ALWAYS_SEARCH_USER_PATHS = NO;
				CLANG_ANALYZER_NONNULL = YES;
				CLANG_ANALYZER_NUMBER_OBJECT_CONVERSION = YES_AGGRESSIVE;
				CLANG_CXX_LANGUAGE_STANDARD = "gnu++14";
				CLANG_CXX_LIBRARY = "libc++";
				CLANG_ENABLE_MODULES = YES;
				CLANG_ENABLE_OBJC_ARC = YES;
				CLANG_ENABLE_OBJC_WEAK = YES;
				CLANG_WARN_BLOCK_CAPTURE_AUTORELEASING = YES;
				CLANG_WARN_BOOL_CONVERSION = YES;
				CLANG_WARN_COMMA = YES;
				CLANG_WARN_CONSTANT_CONVERSION = YES;
				CLANG_WARN_DEPRECATED_OBJC_IMPLEMENTATIONS = YES;
				CLANG_WARN_DIRECT_OBJC_ISA_USAGE = YES_ERROR;
				CLANG_WARN_DOCUMENTATION_COMMENTS = YES;
				CLANG_WARN_EMPTY_BODY = YES;
				CLANG_WARN_ENUM_CONVERSION = YES;
				CLANG_WARN_INFINITE_RECURSION = YES;
				CLANG_WARN_INT_CONVERSION = YES;
				CLANG_WARN_NON_LITERAL_NULL_CONVERSION = YES;
				CLANG_WARN_OBJC_IMPLICIT_RETAIN_SELF = YES;
				CLANG_WARN_OBJC_LITERAL_CONVERSION = YES;
				CLANG_WARN_OBJC_ROOT_CLASS = YES_ERROR;
				CLANG_WARN_QUOTED_INCLUDE_IN_FRAMEWORK_HEADER = YES;
				CLANG_WARN_RANGE_LOOP_ANALYSIS = YES;
				CLANG_WARN_STRICT_PROTOTYPES = YES;
				CLANG_WARN_SUSPICIOUS_MOVE = YES;
				CLANG_WARN_UNGUARDED_AVAILABILITY = YES_AGGRESSIVE;
				CLANG_WARN_UNREACHABLE_CODE = YES;
				CLANG_WARN__DUPLICATE_METHOD_MATCH = YES;
				COPY_PHASE_STRIP = NO;
				DEBUG_INFORMATION_FORMAT = "dwarf-with-dsym";
				ENABLE_NS_ASSERTIONS = NO;
				ENABLE_STRICT_OBJC_MSGSEND = YES;
				GCC_C_LANGUAGE_STANDARD = gnu11;
				GCC_NO_COMMON_BLOCKS = YES;
				GCC_WARN_64_TO_32_BIT_CONVERSION = YES;
				GCC_WARN_ABOUT_RETURN_TYPE = YES_ERROR;
				GCC_WARN_UNDECLARED_SELECTOR = YES;
				GCC_WARN_UNINITIALIZED_AUTOS = YES_AGGRESSIVE;
				GCC_WARN_UNUSED_FUNCTION = YES;
				GCC_WARN_UNUSED_VARIABLE = YES;
				IPHONEOS_DEPLOYMENT_TARGET = 13.0;
				MTL_ENABLE_DEBUG_INFO = NO;
				MTL_FAST_MATH = YES;
				SDKROOT = iphoneos;
				SWIFT_COMPILATION_MODE = wholemodule;
				SWIFT_OPTIMIZATION_LEVEL = "-O";
				VALIDATE_PRODUCT = YES;
			};
			name = Release;
		};
		89165EC0265B7F5100716496 /* Debug */ = {
			isa = XCBuildConfiguration;
			baseConfigurationReference = C1236F9A860A1957C2A05461 /* Pods-appStore.debug.xcconfig */;
			buildSettings = {
				ASSETCATALOG_COMPILER_APPICON_NAME = AppIcon;
				ASSETCATALOG_COMPILER_GLOBAL_ACCENT_COLOR_NAME = AccentColor;
				CODE_SIGN_STYLE = Automatic;
				DEVELOPMENT_TEAM = 2H63TGHS2A;
				INFOPLIST_FILE = appStore/Common/AppDelegate/Info.plist;
				LD_RUNPATH_SEARCH_PATHS = (
					"$(inherited)",
					"@executable_path/Frameworks",
				);
				PRODUCT_BUNDLE_IDENTIFIER = kr.co.seoyeong.appStore;
				PRODUCT_NAME = "$(TARGET_NAME)";
				SWIFT_VERSION = 5.0;
				TARGETED_DEVICE_FAMILY = "1,2";
			};
			name = Debug;
		};
		89165EC1265B7F5100716496 /* Release */ = {
			isa = XCBuildConfiguration;
			baseConfigurationReference = 7DF883766B3E9CFCB42744FF /* Pods-appStore.release.xcconfig */;
			buildSettings = {
				ASSETCATALOG_COMPILER_APPICON_NAME = AppIcon;
				ASSETCATALOG_COMPILER_GLOBAL_ACCENT_COLOR_NAME = AccentColor;
				CODE_SIGN_STYLE = Automatic;
				DEVELOPMENT_TEAM = 2H63TGHS2A;
				INFOPLIST_FILE = appStore/Common/AppDelegate/Info.plist;
				LD_RUNPATH_SEARCH_PATHS = (
					"$(inherited)",
					"@executable_path/Frameworks",
				);
				PRODUCT_BUNDLE_IDENTIFIER = kr.co.seoyeong.appStore;
				PRODUCT_NAME = "$(TARGET_NAME)";
				SWIFT_VERSION = 5.0;
				TARGETED_DEVICE_FAMILY = "1,2";
			};
			name = Release;
		};
		89165EC3265B7F5100716496 /* Debug */ = {
			isa = XCBuildConfiguration;
			baseConfigurationReference = A552814FECBAA3A83B1AC017 /* Pods-appStoreTests.debug.xcconfig */;
			buildSettings = {
				ALWAYS_EMBED_SWIFT_STANDARD_LIBRARIES = YES;
				BUNDLE_LOADER = "$(TEST_HOST)";
				CODE_SIGN_STYLE = Automatic;
				DEVELOPMENT_TEAM = 2H63TGHS2A;
				INFOPLIST_FILE = appStoreTests/Info.plist;
				IPHONEOS_DEPLOYMENT_TARGET = 14.5;
				LD_RUNPATH_SEARCH_PATHS = (
					"$(inherited)",
					"@executable_path/Frameworks",
					"@loader_path/Frameworks",
				);
				PRODUCT_BUNDLE_IDENTIFIER = kr.co.seoyeong.appStoreTests;
				PRODUCT_NAME = "$(TARGET_NAME)";
				SWIFT_VERSION = 5.0;
				TARGETED_DEVICE_FAMILY = "1,2";
				TEST_HOST = "$(BUILT_PRODUCTS_DIR)/appStore.app/appStore";
			};
			name = Debug;
		};
		89165EC4265B7F5100716496 /* Release */ = {
			isa = XCBuildConfiguration;
			baseConfigurationReference = 742C761B251E7F7323B32487 /* Pods-appStoreTests.release.xcconfig */;
			buildSettings = {
				ALWAYS_EMBED_SWIFT_STANDARD_LIBRARIES = YES;
				BUNDLE_LOADER = "$(TEST_HOST)";
				CODE_SIGN_STYLE = Automatic;
				DEVELOPMENT_TEAM = 2H63TGHS2A;
				INFOPLIST_FILE = appStoreTests/Info.plist;
				IPHONEOS_DEPLOYMENT_TARGET = 14.5;
				LD_RUNPATH_SEARCH_PATHS = (
					"$(inherited)",
					"@executable_path/Frameworks",
					"@loader_path/Frameworks",
				);
				PRODUCT_BUNDLE_IDENTIFIER = kr.co.seoyeong.appStoreTests;
				PRODUCT_NAME = "$(TARGET_NAME)";
				SWIFT_VERSION = 5.0;
				TARGETED_DEVICE_FAMILY = "1,2";
				TEST_HOST = "$(BUILT_PRODUCTS_DIR)/appStore.app/appStore";
			};
			name = Release;
		};
		89165EC6265B7F5100716496 /* Debug */ = {
			isa = XCBuildConfiguration;
			baseConfigurationReference = 66D1CA701C680B6800D771F4 /* Pods-appStore-appStoreUITests.debug.xcconfig */;
			buildSettings = {
				ALWAYS_EMBED_SWIFT_STANDARD_LIBRARIES = YES;
				CODE_SIGN_STYLE = Automatic;
				DEVELOPMENT_TEAM = 2H63TGHS2A;
				INFOPLIST_FILE = appStoreUITests/Info.plist;
				LD_RUNPATH_SEARCH_PATHS = (
					"$(inherited)",
					"@executable_path/Frameworks",
					"@loader_path/Frameworks",
				);
				PRODUCT_BUNDLE_IDENTIFIER = kr.co.seoyeong.appStoreUITests;
				PRODUCT_NAME = "$(TARGET_NAME)";
				SWIFT_VERSION = 5.0;
				TARGETED_DEVICE_FAMILY = "1,2";
				TEST_TARGET_NAME = appStore;
			};
			name = Debug;
		};
		89165EC7265B7F5100716496 /* Release */ = {
			isa = XCBuildConfiguration;
			baseConfigurationReference = EE7BFEF1BB5C7A0F16F81856 /* Pods-appStore-appStoreUITests.release.xcconfig */;
			buildSettings = {
				ALWAYS_EMBED_SWIFT_STANDARD_LIBRARIES = YES;
				CODE_SIGN_STYLE = Automatic;
				DEVELOPMENT_TEAM = 2H63TGHS2A;
				INFOPLIST_FILE = appStoreUITests/Info.plist;
				LD_RUNPATH_SEARCH_PATHS = (
					"$(inherited)",
					"@executable_path/Frameworks",
					"@loader_path/Frameworks",
				);
				PRODUCT_BUNDLE_IDENTIFIER = kr.co.seoyeong.appStoreUITests;
				PRODUCT_NAME = "$(TARGET_NAME)";
				SWIFT_VERSION = 5.0;
				TARGETED_DEVICE_FAMILY = "1,2";
				TEST_TARGET_NAME = appStore;
			};
			name = Release;
		};
/* End XCBuildConfiguration section */

/* Begin XCConfigurationList section */
		89165E90265B7F5000716496 /* Build configuration list for PBXProject "appStore" */ = {
			isa = XCConfigurationList;
			buildConfigurations = (
				89165EBD265B7F5100716496 /* Debug */,
				89165EBE265B7F5100716496 /* Release */,
			);
			defaultConfigurationIsVisible = 0;
			defaultConfigurationName = Release;
		};
		89165EBF265B7F5100716496 /* Build configuration list for PBXNativeTarget "appStore" */ = {
			isa = XCConfigurationList;
			buildConfigurations = (
				89165EC0265B7F5100716496 /* Debug */,
				89165EC1265B7F5100716496 /* Release */,
			);
			defaultConfigurationIsVisible = 0;
			defaultConfigurationName = Release;
		};
		89165EC2265B7F5100716496 /* Build configuration list for PBXNativeTarget "appStoreTests" */ = {
			isa = XCConfigurationList;
			buildConfigurations = (
				89165EC3265B7F5100716496 /* Debug */,
				89165EC4265B7F5100716496 /* Release */,
			);
			defaultConfigurationIsVisible = 0;
			defaultConfigurationName = Release;
		};
		89165EC5265B7F5100716496 /* Build configuration list for PBXNativeTarget "appStoreUITests" */ = {
			isa = XCConfigurationList;
			buildConfigurations = (
				89165EC6265B7F5100716496 /* Debug */,
				89165EC7265B7F5100716496 /* Release */,
			);
			defaultConfigurationIsVisible = 0;
			defaultConfigurationName = Release;
		};
/* End XCConfigurationList section */
	};
	rootObject = 89165E8D265B7F5000716496 /* Project object */;
}
